
Microsoft Visual Studio Solution File, Format Version 12.00
# Visual Studio Version 17
VisualStudioVersion = 17.7.34003.232
MinimumVisualStudioVersion = 10.0.40219.1
Project("{2150E333-8FDC-42A3-9474-1A3956D46DE8}") = "Solution Items", "Solution Items", "{DE5211CF-D9B6-4049-8DB7-FBE687E39BA2}"
	ProjectSection(SolutionItems) = preProject
		..\.editorconfig = ..\.editorconfig
		..\Build-PanelFork-linux.ps1 = ..\Build-PanelFork-linux.ps1
		..\Directory.Build.props = ..\Directory.Build.props
		..\Dockerfile = ..\Dockerfile
	EndProjectSection
EndProject
Project("{9A19103F-16F7-4668-BE54-9A1E7A4F7556}") = "VgDeviceGateway", "VgDeviceGateway\VgDeviceGateway.csproj", "{34514F5D-6C24-479B-89D4-267CE3663057}"
EndProject
Project("{9A19103F-16F7-4668-BE54-9A1E7A4F7556}") = "VgDeviceGateway.UnitTest", "VgDeviceGateway.UnitTest\VgDeviceGateway.UnitTest.csproj", "{297130D2-43C2-4CC2-B37A-C150C6D00375}"
EndProject
Project("{2150E333-8FDC-42A3-9474-1A3956D46DE8}") = "external", "external", "{03B4D153-2336-4531-BA8E-B46454D91988}"
EndProject
Project("{9A19103F-16F7-4668-BE54-9A1E7A4F7556}") = "VegaIot.External.Chongda", "VegaIot.External.Chongda\VegaIot.External.Chongda.csproj", "{8D4E088F-1836-458D-AE83-C1854062291D}"
EndProject
Project("{9A19103F-16F7-4668-BE54-9A1E7A4F7556}") = "VegaIot.External.Kinwong", "VegaIot.External.Kinwong\VegaIot.External.Kinwong.csproj", "{4342F71A-4869-4A12-A18C-098C81E60FD8}"
EndProject
Project("{9A19103F-16F7-4668-BE54-9A1E7A4F7556}") = "VgDeviceGateway.Devices.Common", "VgDeviceGateway.Common\VgDeviceGateway.Devices.Common.csproj", "{A333CF7D-212E-40E2-94C8-CE9426B2F0DA}"
EndProject
Project("{2150E333-8FDC-42A3-9474-1A3956D46DE8}") = "src", "src", "{110AFDCD-0BF5-46FA-A052-CFD181CE2E49}"
EndProject
Project("{2150E333-8FDC-42A3-9474-1A3956D46DE8}") = "test", "test", "{033EF597-EF95-429E-8A13-F3D1028B862C}"
EndProject
Project("{9A19103F-16F7-4668-BE54-9A1E7A4F7556}") = "VgDeviceGateway.Devices.Agv", "VgDeviceGateway.Devices.Agv\VgDeviceGateway.Devices.Agv.csproj", "{81167F5F-60D8-4466-9598-89C90DB90C4C}"
EndProject
Project("{9A19103F-16F7-4668-BE54-9A1E7A4F7556}") = "VgDeviceGateway.Devices.Drill", "VgDeviceGateway.Devices.Drill\VgDeviceGateway.Devices.Drill.csproj", "{CE099A0D-8FB2-4C6C-B567-7528D4BCAE61}"
EndProject
Project("{9A19103F-16F7-4668-BE54-9A1E7A4F7556}") = "VgDeviceGateway.Devices.Pin", "VgDeviceGateway.Devices.Pin\VgDeviceGateway.Devices.Pin.csproj", "{1616359A-74BD-4526-850A-BDB47B92AA7E}"
EndProject
Project("{9A19103F-16F7-4668-BE54-9A1E7A4F7556}") = "VgDeviceGateway.Devices.UnPin", "VgDeviceGateway.Devices.UnPin\VgDeviceGateway.Devices.UnPin.csproj", "{E97C0BCA-8E8C-4D23-A03F-E63C5A5D7509}"
EndProject
Project("{9A19103F-16F7-4668-BE54-9A1E7A4F7556}") = "VgDeviceGateway.Devices.Shelf", "VgDeviceGateway.Devices.Shelf\VgDeviceGateway.Devices.Shelf.csproj", "{2D94CECE-014F-4A47-AA93-68F7B040D0C4}"
EndProject
Project("{9A19103F-16F7-4668-BE54-9A1E7A4F7556}") = "VegaIot.External.Xianjin", "VegaIot.External.Xianjin\VegaIot.External.Xianjin.csproj", "{494DF842-A0CE-45D3-8D92-EC9C4E931235}"
EndProject
Project("{9A19103F-16F7-4668-BE54-9A1E7A4F7556}") = "VgDeviceGateway.Devices.Fork", "VgDeviceGateway.Devices.Fork\VgDeviceGateway.Devices.Fork.csproj", "{EDCF4E12-1D17-468E-B6AF-A2C3620CA9D3}"
EndProject
Project("{9A19103F-16F7-4668-BE54-9A1E7A4F7556}") = "VgDeviceMonitor", "VgDeviceMonitor\VgDeviceMonitor.csproj", "{0F5DE33C-E2E4-4974-906A-66BA560871BD}"
EndProject
Project("{9A19103F-16F7-4668-BE54-9A1E7A4F7556}") = "VegaIot.External.Hik", "VegaIot.External.Hik\VegaIot.External.Hik.csproj", "{B10CD8C8-FBB4-468B-A134-610C13EDA772}"
EndProject
Project("{2150E333-8FDC-42A3-9474-1A3956D46DE8}") = "Bomin", "Bomin", "{02EA681E-C7D8-13C7-8484-4AC65E1B71E8}"
EndProject
Project("{9A19103F-16F7-4668-BE54-9A1E7A4F7556}") = "Vegalot.External.LeweiPin", "Vegalot.External.LeweiPin\Vegalot.External.LeweiPin.csproj", "{E280CD6A-F8C8-0E2E-BE0E-6D2C47CFBA36}"
EndProject
Project("{9A19103F-16F7-4668-BE54-9A1E7A4F7556}") = "Vegalot.External.LeweiUnPin", "Vegalot.External.LeweiUnPin\Vegalot.External.LeweiUnPin.csproj", "{91463516-D834-98E6-5B27-B3866EADED95}"
EndProject
Project("{9A19103F-16F7-4668-BE54-9A1E7A4F7556}") = "VegaIot.External.XianjinIot", "VegaIot.External.XianjinIot\VegaIot.External.XianjinIot.csproj", "{2E307C6D-B47B-4534-9954-92B4F02A9AD6}"
EndProject
Project("{9A19103F-16F7-4668-BE54-9A1E7A4F7556}") = "VegaIot.External.Bomin", "VegaIot.External.Bomin\VegaIot.External.Bomin.csproj", "{31689D19-DB3B-450C-9D00-C19EF07FE8AA}"
EndProject
Project("{9A19103F-16F7-4668-BE54-9A1E7A4F7556}") = "Vegalot.External.XianjinIot.Drill", "Vegalot.External.XianjinIot.Drill\Vegalot.External.XianjinIot.Drill.csproj", "{80FB7E4B-D40A-44AF-A470-16A5F267A60D}"
EndProject
Project("{9A19103F-16F7-4668-BE54-9A1E7A4F7556}") = "VgDrillDutyAnalyzer", "VgDrillDutyAnalyzer\VgDrillDutyAnalyzer.csproj", "{A3B509D2-3D6F-41BC-B67F-475246E1E54D}"
EndProject
Project("{9A19103F-16F7-4668-BE54-9A1E7A4F7556}") = "Vegalot.External.XianjinIot.Agv", "Vegalot.External.XianjinIot.Agv\Vegalot.External.XianjinIot.Agv.csproj", "{853427D1-1C1B-498F-87A6-BC2FB4DAB9A9}"
EndProject
Project("{9A19103F-16F7-4668-BE54-9A1E7A4F7556}") = "Vegalot.External.XianjinIot.Common", "Vegalot.External.XianjinIot.Common\Vegalot.External.XianjinIot.Common.csproj", "{918FC3F2-1A36-424A-8BC7-B3F55BD21A6E}"
EndProject
Project("{9A19103F-16F7-4668-BE54-9A1E7A4F7556}") = "VegaIot.External.Std.Shelf", "VegaIot.External.Std.AGV\VegaIot.External.Std.Shelf.csproj", "{C6886A6E-BF53-4EB2-BB3A-0D24FCD30D81}"
EndProject
Project("{9A19103F-16F7-4668-BE54-9A1E7A4F7556}") = "VgDeviceGateway.Mock", "SimpleClient\VgDeviceGateway.Mock.csproj", "{0FFE8605-CAD6-41CE-8309-87133C3D6311}"
EndProject
Global
	GlobalSection(SolutionConfigurationPlatforms) = preSolution
		Debug|Any CPU = Debug|Any CPU
		Release|Any CPU = Release|Any CPU
	EndGlobalSection
	GlobalSection(ProjectConfigurationPlatforms) = postSolution
		{34514F5D-6C24-479B-89D4-267CE3663057}.Debug|Any CPU.ActiveCfg = Debug|Any CPU
		{34514F5D-6C24-479B-89D4-267CE3663057}.Debug|Any CPU.Build.0 = Debug|Any CPU
		{34514F5D-6C24-479B-89D4-267CE3663057}.Release|Any CPU.ActiveCfg = Release|Any CPU
		{34514F5D-6C24-479B-89D4-267CE3663057}.Release|Any CPU.Build.0 = Release|Any CPU
		{297130D2-43C2-4CC2-B37A-C150C6D00375}.Debug|Any CPU.ActiveCfg = Debug|Any CPU
		{297130D2-43C2-4CC2-B37A-C150C6D00375}.Debug|Any CPU.Build.0 = Debug|Any CPU
		{297130D2-43C2-4CC2-B37A-C150C6D00375}.Release|Any CPU.ActiveCfg = Release|Any CPU
		{297130D2-43C2-4CC2-B37A-C150C6D00375}.Release|Any CPU.Build.0 = Release|Any CPU
		{8D4E088F-1836-458D-AE83-C1854062291D}.Debug|Any CPU.ActiveCfg = Debug|Any CPU
		{8D4E088F-1836-458D-AE83-C1854062291D}.Debug|Any CPU.Build.0 = Debug|Any CPU
		{8D4E088F-1836-458D-AE83-C1854062291D}.Release|Any CPU.ActiveCfg = Release|Any CPU
		{8D4E088F-1836-458D-AE83-C1854062291D}.Release|Any CPU.Build.0 = Release|Any CPU
		{4342F71A-4869-4A12-A18C-098C81E60FD8}.Debug|Any CPU.ActiveCfg = Debug|Any CPU
		{4342F71A-4869-4A12-A18C-098C81E60FD8}.Debug|Any CPU.Build.0 = Debug|Any CPU
		{4342F71A-4869-4A12-A18C-098C81E60FD8}.Release|Any CPU.ActiveCfg = Release|Any CPU
		{4342F71A-4869-4A12-A18C-098C81E60FD8}.Release|Any CPU.Build.0 = Release|Any CPU
		{A333CF7D-212E-40E2-94C8-CE9426B2F0DA}.Debug|Any CPU.ActiveCfg = Debug|Any CPU
		{A333CF7D-212E-40E2-94C8-CE9426B2F0DA}.Debug|Any CPU.Build.0 = Debug|Any CPU
		{A333CF7D-212E-40E2-94C8-CE9426B2F0DA}.Release|Any CPU.ActiveCfg = Release|Any CPU
		{A333CF7D-212E-40E2-94C8-CE9426B2F0DA}.Release|Any CPU.Build.0 = Release|Any CPU
		{81167F5F-60D8-4466-9598-89C90DB90C4C}.Debug|Any CPU.ActiveCfg = Debug|Any CPU
		{81167F5F-60D8-4466-9598-89C90DB90C4C}.Debug|Any CPU.Build.0 = Debug|Any CPU
		{81167F5F-60D8-4466-9598-89C90DB90C4C}.Release|Any CPU.ActiveCfg = Release|Any CPU
		{81167F5F-60D8-4466-9598-89C90DB90C4C}.Release|Any CPU.Build.0 = Release|Any CPU
		{CE099A0D-8FB2-4C6C-B567-7528D4BCAE61}.Debug|Any CPU.ActiveCfg = Debug|Any CPU
		{CE099A0D-8FB2-4C6C-B567-7528D4BCAE61}.Debug|Any CPU.Build.0 = Debug|Any CPU
		{CE099A0D-8FB2-4C6C-B567-7528D4BCAE61}.Release|Any CPU.ActiveCfg = Release|Any CPU
		{CE099A0D-8FB2-4C6C-B567-7528D4BCAE61}.Release|Any CPU.Build.0 = Release|Any CPU
		{1616359A-74BD-4526-850A-BDB47B92AA7E}.Debug|Any CPU.ActiveCfg = Debug|Any CPU
		{1616359A-74BD-4526-850A-BDB47B92AA7E}.Debug|Any CPU.Build.0 = Debug|Any CPU
		{1616359A-74BD-4526-850A-BDB47B92AA7E}.Release|Any CPU.ActiveCfg = Release|Any CPU
		{1616359A-74BD-4526-850A-BDB47B92AA7E}.Release|Any CPU.Build.0 = Release|Any CPU
		{E97C0BCA-8E8C-4D23-A03F-E63C5A5D7509}.Debug|Any CPU.ActiveCfg = Debug|Any CPU
		{E97C0BCA-8E8C-4D23-A03F-E63C5A5D7509}.Debug|Any CPU.Build.0 = Debug|Any CPU
		{E97C0BCA-8E8C-4D23-A03F-E63C5A5D7509}.Release|Any CPU.ActiveCfg = Release|Any CPU
		{E97C0BCA-8E8C-4D23-A03F-E63C5A5D7509}.Release|Any CPU.Build.0 = Release|Any CPU
		{2D94CECE-014F-4A47-AA93-68F7B040D0C4}.Debug|Any CPU.ActiveCfg = Debug|Any CPU
		{2D94CECE-014F-4A47-AA93-68F7B040D0C4}.Debug|Any CPU.Build.0 = Debug|Any CPU
		{2D94CECE-014F-4A47-AA93-68F7B040D0C4}.Release|Any CPU.ActiveCfg = Release|Any CPU
		{2D94CECE-014F-4A47-AA93-68F7B040D0C4}.Release|Any CPU.Build.0 = Release|Any CPU
		{494DF842-A0CE-45D3-8D92-EC9C4E931235}.Debug|Any CPU.ActiveCfg = Debug|Any CPU
		{494DF842-A0CE-45D3-8D92-EC9C4E931235}.Debug|Any CPU.Build.0 = Debug|Any CPU
		{494DF842-A0CE-45D3-8D92-EC9C4E931235}.Release|Any CPU.ActiveCfg = Release|Any CPU
		{494DF842-A0CE-45D3-8D92-EC9C4E931235}.Release|Any CPU.Build.0 = Release|Any CPU
		{EDCF4E12-1D17-468E-B6AF-A2C3620CA9D3}.Debug|Any CPU.ActiveCfg = Debug|Any CPU
		{EDCF4E12-1D17-468E-B6AF-A2C3620CA9D3}.Debug|Any CPU.Build.0 = Debug|Any CPU
		{EDCF4E12-1D17-468E-B6AF-A2C3620CA9D3}.Release|Any CPU.ActiveCfg = Release|Any CPU
		{EDCF4E12-1D17-468E-B6AF-A2C3620CA9D3}.Release|Any CPU.Build.0 = Release|Any CPU
		{0F5DE33C-E2E4-4974-906A-66BA560871BD}.Debug|Any CPU.ActiveCfg = Debug|Any CPU
		{0F5DE33C-E2E4-4974-906A-66BA560871BD}.Debug|Any CPU.Build.0 = Debug|Any CPU
		{0F5DE33C-E2E4-4974-906A-66BA560871BD}.Release|Any CPU.ActiveCfg = Release|Any CPU
		{0F5DE33C-E2E4-4974-906A-66BA560871BD}.Release|Any CPU.Build.0 = Release|Any CPU
		{B10CD8C8-FBB4-468B-A134-610C13EDA772}.Debug|Any CPU.ActiveCfg = Debug|Any CPU
		{B10CD8C8-FBB4-468B-A134-610C13EDA772}.Debug|Any CPU.Build.0 = Debug|Any CPU
		{B10CD8C8-FBB4-468B-A134-610C13EDA772}.Release|Any CPU.ActiveCfg = Release|Any CPU
		{B10CD8C8-FBB4-468B-A134-610C13EDA772}.Release|Any CPU.Build.0 = Release|Any CPU
		{E280CD6A-F8C8-0E2E-BE0E-6D2C47CFBA36}.Debug|Any CPU.ActiveCfg = Debug|Any CPU
		{E280CD6A-F8C8-0E2E-BE0E-6D2C47CFBA36}.Debug|Any CPU.Build.0 = Debug|Any CPU
		{E280CD6A-F8C8-0E2E-BE0E-6D2C47CFBA36}.Release|Any CPU.ActiveCfg = Release|Any CPU
		{E280CD6A-F8C8-0E2E-BE0E-6D2C47CFBA36}.Release|Any CPU.Build.0 = Release|Any CPU
		{91463516-D834-98E6-5B27-B3866EADED95}.Debug|Any CPU.ActiveCfg = Debug|Any CPU
		{91463516-D834-98E6-5B27-B3866EADED95}.Debug|Any CPU.Build.0 = Debug|Any CPU
		{91463516-D834-98E6-5B27-B3866EADED95}.Release|Any CPU.ActiveCfg = Release|Any CPU
		{91463516-D834-98E6-5B27-B3866EADED95}.Release|Any CPU.Build.0 = Release|Any CPU
		{2E307C6D-B47B-4534-9954-92B4F02A9AD6}.Debug|Any CPU.ActiveCfg = Debug|Any CPU
		{2E307C6D-B47B-4534-9954-92B4F02A9AD6}.Debug|Any CPU.Build.0 = Debug|Any CPU
		{2E307C6D-B47B-4534-9954-92B4F02A9AD6}.Release|Any CPU.ActiveCfg = Release|Any CPU
		{2E307C6D-B47B-4534-9954-92B4F02A9AD6}.Release|Any CPU.Build.0 = Release|Any CPU
		{31689D19-DB3B-450C-9D00-C19EF07FE8AA}.Debug|Any CPU.ActiveCfg = Debug|Any CPU
		{31689D19-DB3B-450C-9D00-C19EF07FE8AA}.Debug|Any CPU.Build.0 = Debug|Any CPU
		{31689D19-DB3B-450C-9D00-C19EF07FE8AA}.Release|Any CPU.ActiveCfg = Release|Any CPU
		{31689D19-DB3B-450C-9D00-C19EF07FE8AA}.Release|Any CPU.Build.0 = Release|Any CPU
		{80FB7E4B-D40A-44AF-A470-16A5F267A60D}.Debug|Any CPU.ActiveCfg = Debug|Any CPU
		{80FB7E4B-D40A-44AF-A470-16A5F267A60D}.Debug|Any CPU.Build.0 = Debug|Any CPU
		{80FB7E4B-D40A-44AF-A470-16A5F267A60D}.Release|Any CPU.ActiveCfg = Release|Any CPU
		{80FB7E4B-D40A-44AF-A470-16A5F267A60D}.Release|Any CPU.Build.0 = Release|Any CPU
		{A3B509D2-3D6F-41BC-B67F-475246E1E54D}.Debug|Any CPU.ActiveCfg = Debug|Any CPU
		{A3B509D2-3D6F-41BC-B67F-475246E1E54D}.Debug|Any CPU.Build.0 = Debug|Any CPU
		{A3B509D2-3D6F-41BC-B67F-475246E1E54D}.Release|Any CPU.ActiveCfg = Release|Any CPU
		{A3B509D2-3D6F-41BC-B67F-475246E1E54D}.Release|Any CPU.Build.0 = Release|Any CPU
		{853427D1-1C1B-498F-87A6-BC2FB4DAB9A9}.Debug|Any CPU.ActiveCfg = Debug|Any CPU
		{853427D1-1C1B-498F-87A6-BC2FB4DAB9A9}.Debug|Any CPU.Build.0 = Debug|Any CPU
		{853427D1-1C1B-498F-87A6-BC2FB4DAB9A9}.Release|Any CPU.ActiveCfg = Release|Any CPU
		{853427D1-1C1B-498F-87A6-BC2FB4DAB9A9}.Release|Any CPU.Build.0 = Release|Any CPU
		{918FC3F2-1A36-424A-8BC7-B3F55BD21A6E}.Debug|Any CPU.ActiveCfg = Debug|Any CPU
		{918FC3F2-1A36-424A-8BC7-B3F55BD21A6E}.Debug|Any CPU.Build.0 = Debug|Any CPU
		{918FC3F2-1A36-424A-8BC7-B3F55BD21A6E}.Release|Any CPU.ActiveCfg = Release|Any CPU
		{918FC3F2-1A36-424A-8BC7-B3F55BD21A6E}.Release|Any CPU.Build.0 = Release|Any CPU
		{C6886A6E-BF53-4EB2-BB3A-0D24FCD30D81}.Debug|Any CPU.ActiveCfg = Debug|Any CPU
		{C6886A6E-BF53-4EB2-BB3A-0D24FCD30D81}.Debug|Any CPU.Build.0 = Debug|Any CPU
		{C6886A6E-BF53-4EB2-BB3A-0D24FCD30D81}.Release|Any CPU.ActiveCfg = Release|Any CPU
		{C6886A6E-BF53-4EB2-BB3A-0D24FCD30D81}.Release|Any CPU.Build.0 = Release|Any CPU
		{0FFE8605-CAD6-41CE-8309-87133C3D6311}.Debug|Any CPU.ActiveCfg = Debug|Any CPU
		{0FFE8605-CAD6-41CE-8309-87133C3D6311}.Debug|Any CPU.Build.0 = Debug|Any CPU
		{0FFE8605-CAD6-41CE-8309-87133C3D6311}.Release|Any CPU.ActiveCfg = Release|Any CPU
		{0FFE8605-CAD6-41CE-8309-87133C3D6311}.Release|Any CPU.Build.0 = Release|Any CPU
	EndGlobalSection
	GlobalSection(SolutionProperties) = preSolution
		HideSolutionNode = FALSE
	EndGlobalSection
	GlobalSection(NestedProjects) = preSolution
		{34514F5D-6C24-479B-89D4-267CE3663057} = {110AFDCD-0BF5-46FA-A052-CFD181CE2E49}
		{297130D2-43C2-4CC2-B37A-C150C6D00375} = {033EF597-EF95-429E-8A13-F3D1028B862C}
		{8D4E088F-1836-458D-AE83-C1854062291D} = {03B4D153-2336-4531-BA8E-B46454D91988}
		{4342F71A-4869-4A12-A18C-098C81E60FD8} = {03B4D153-2336-4531-BA8E-B46454D91988}
		{A333CF7D-212E-40E2-94C8-CE9426B2F0DA} = {110AFDCD-0BF5-46FA-A052-CFD181CE2E49}
		{81167F5F-60D8-4466-9598-89C90DB90C4C} = {110AFDCD-0BF5-46FA-A052-CFD181CE2E49}
		{CE099A0D-8FB2-4C6C-B567-7528D4BCAE61} = {110AFDCD-0BF5-46FA-A052-CFD181CE2E49}
		{1616359A-74BD-4526-850A-BDB47B92AA7E} = {110AFDCD-0BF5-46FA-A052-CFD181CE2E49}
		{E97C0BCA-8E8C-4D23-A03F-E63C5A5D7509} = {110AFDCD-0BF5-46FA-A052-CFD181CE2E49}
		{2D94CECE-014F-4A47-AA93-68F7B040D0C4} = {110AFDCD-0BF5-46FA-A052-CFD181CE2E49}
		{494DF842-A0CE-45D3-8D92-EC9C4E931235} = {03B4D153-2336-4531-BA8E-B46454D91988}
		{EDCF4E12-1D17-468E-B6AF-A2C3620CA9D3} = {110AFDCD-0BF5-46FA-A052-CFD181CE2E49}
		{0F5DE33C-E2E4-4974-906A-66BA560871BD} = {03B4D153-2336-4531-BA8E-B46454D91988}
		{B10CD8C8-FBB4-468B-A134-610C13EDA772} = {03B4D153-2336-4531-BA8E-B46454D91988}
		{02EA681E-C7D8-13C7-8484-4AC65E1B71E8} = {03B4D153-2336-4531-BA8E-B46454D91988}
		{E280CD6A-F8C8-0E2E-BE0E-6D2C47CFBA36} = {02EA681E-C7D8-13C7-8484-4AC65E1B71E8}
		{91463516-D834-98E6-5B27-B3866EADED95} = {02EA681E-C7D8-13C7-8484-4AC65E1B71E8}
		{2E307C6D-B47B-4534-9954-92B4F02A9AD6} = {03B4D153-2336-4531-BA8E-B46454D91988}
		{31689D19-DB3B-450C-9D00-C19EF07FE8AA} = {03B4D153-2336-4531-BA8E-B46454D91988}
		{80FB7E4B-D40A-44AF-A470-16A5F267A60D} = {03B4D153-2336-4531-BA8E-B46454D91988}
		{A3B509D2-3D6F-41BC-B67F-475246E1E54D} = {03B4D153-2336-4531-BA8E-B46454D91988}
		{853427D1-1C1B-498F-87A6-BC2FB4DAB9A9} = {03B4D153-2336-4531-BA8E-B46454D91988}
		{918FC3F2-1A36-424A-8BC7-B3F55BD21A6E} = {03B4D153-2336-4531-BA8E-B46454D91988}
		{C6886A6E-BF53-4EB2-BB3A-0D24FCD30D81} = {03B4D153-2336-4531-BA8E-B46454D91988}
		{0FFE8605-CAD6-41CE-8309-87133C3D6311} = {033EF597-EF95-429E-8A13-F3D1028B862C}
	EndGlobalSection
	GlobalSection(ExtensibilityGlobals) = postSolution
		SolutionGuid = {BEE4B74A-1AE8-4A22-BF6A-09B0B8FCBCEE}
	EndGlobalSection
EndGlobal
