
Microsoft Visual Studio Solution File, Format Version 12.00
# Visual Studio Version 17
VisualStudioVersion = 17.10.35027.167
MinimumVisualStudioVersion = 10.0.40219.1
Project("{2150E333-8FDC-42A3-9474-1A3956D46DE8}") = "test", "test", "{02EA681E-C7D8-13C7-8484-4AC65E1B71E8}"
EndProject
Project("{2150E333-8FDC-42A3-9474-1A3956D46DE8}") = "docs", "docs", "{0C56A224-C572-4766-81D1-B2998D6994E2}"
	ProjectSection(SolutionItems) = preProject
		..\..\docs\崇达二厂-维嘉设备参数采集列表v1.0.xlsx = ..\..\docs\崇达二厂-维嘉设备参数采集列表v1.0.xlsx
		..\..\docs\崇达二厂-配置HTTP监听端口-cmd指令.txt = ..\..\docs\崇达二厂-配置HTTP监听端口-cmd指令.txt
		..\..\docs\崇达二厂-配置HTTP监听端口.docx = ..\..\docs\崇达二厂-配置HTTP监听端口.docx
	EndProjectSection
EndProject
Project("{2150E333-8FDC-42A3-9474-1A3956D46DE8}") = "Solution Items", "Solution Items", "{7B6A7E49-5594-428B-8FC7-188259AEF314}"
	ProjectSection(SolutionItems) = preProject
		..\.editorconfig = ..\.editorconfig
		..\Build-Pack.ps1 = ..\Build-Pack.ps1
		..\build-vgserver.ps1 = ..\build-vgserver.ps1
		..\build-web.ps1 = ..\build-web.ps1
		..\Build-win64.ps1 = ..\Build-win64.ps1
		..\Build.ps1 = ..\Build.ps1
		..\Directory.Build.props = ..\Directory.Build.props
	EndProjectSection
EndProject
Project("{9A19103F-16F7-4668-BE54-9A1E7A4F7556}") = "UnitTest.Glorysoft.Plugin", "..\test\UnitTest.Glorysoft.Plugin\UnitTest.Glorysoft.Plugin.csproj", "{FE2F4187-46C9-775D-ED2A-16539AB3786D}"
EndProject
Project("{9A19103F-16F7-4668-BE54-9A1E7A4F7556}") = "UnitTest.VgEAPClient.Common", "..\test\UnitTest.VgEAPClient.Common\UnitTest.VgEAPClient.Common.csproj", "{CC89065A-EB24-F114-87BF-CFF89D1F3E46}"
EndProject
Project("{2150E333-8FDC-42A3-9474-1A3956D46DE8}") = "src", "src", "{F66C51B7-A3DE-468B-A0C6-9AB1D211EEFA}"
EndProject
Project("{9A19103F-16F7-4668-BE54-9A1E7A4F7556}") = "VgEAPClient", "VgEAPClient\VgEAPClient.csproj", "{3117368A-9384-3E6E-A957-4D2E03C01799}"
EndProject
Project("{9A19103F-16F7-4668-BE54-9A1E7A4F7556}") = "VgCNCServer", "VgCNCServer\VgCNCServer.csproj", "{8E4054B2-DFC4-5D3D-2875-C47F381BF4C9}"
EndProject
Project("{9A19103F-16F7-4668-BE54-9A1E7A4F7556}") = "VgCNCServer.DAO", "VgCNCServer.DAO\VgCNCServer.DAO.csproj", "{1CE0CA5C-8634-E9E8-990D-8E7C68439AF0}"
EndProject
Project("{9A19103F-16F7-4668-BE54-9A1E7A4F7556}") = "VgCNCWeb", "VgCNCWeb\VgCNCWeb.csproj", "{2F2793AD-BE8E-EFAF-DB2E-14B39E13B3AD}"
EndProject
Project("{9A19103F-16F7-4668-BE54-9A1E7A4F7556}") = "VgEAPClient.Common", "VgEAPClient.Common\VgEAPClient.Common.csproj", "{F9CBCE13-CE5B-D110-9274-C491795F99FF}"
EndProject
Project("{9A19103F-16F7-4668-BE54-9A1E7A4F7556}") = "VgAOI.Plugin", "Plugin\VgAOI.Plugin\VgAOI.Plugin.csproj", "{FF0F7FBF-D488-1030-AD09-D955927E130B}"
EndProject
Project("{9A19103F-16F7-4668-BE54-9A1E7A4F7556}") = "VgEAPClient.Socket", "VgEAPClient.Socket\VgEAPClient.Socket.csproj", "{7048BD36-F94F-4908-A69C-7F7E9225D387}"
EndProject
Project("{9A19103F-16F7-4668-BE54-9A1E7A4F7556}") = "UnitTest.VgEAPClient.Socket", "..\test\UnitTest.VgEAPClient.Socket\UnitTest.VgEAPClient.Socket.csproj", "{DDDB5DF2-D697-458C-B0F9-C3E5CE77A424}"
EndProject
Project("{2150E333-8FDC-42A3-9474-1A3956D46DE8}") = "plugin", "plugin", "{5FFDCEF6-7EE5-4D2F-AFAD-B8862D9C604E}"
EndProject
Project("{9A19103F-16F7-4668-BE54-9A1E7A4F7556}") = "VgEAPClient.Recipe.WebAPI", "VgEAPClient.HttpDrillInfoLocator\VgEAPClient.Recipe.WebAPI.csproj", "{7B62EA1F-3FCC-434A-8149-3DBFFD0D9ACD}"
EndProject
Project("{2150E333-8FDC-42A3-9474-1A3956D46DE8}") = "Projects", "Projects", "{C5A1596E-7FB3-4315-88C8-B30EEF5B0A30}"
EndProject
Project("{9A19103F-16F7-4668-BE54-9A1E7A4F7556}") = "WuHanXinChuangYuanEAPClient", "Projects\WuHanXinChuangYuan\WuHanXinChuangYuanEAPClient\WuHanXinChuangYuanEAPClient.csproj", "{6F46BAC3-5CF1-406F-96B6-4AE6955AFA7C}"
EndProject
Project("{2150E333-8FDC-42A3-9474-1A3956D46DE8}") = "Recipe", "Recipe", "{63946058-46F5-40BF-99AD-A515705E7AC6}"
EndProject
Project("{9A19103F-16F7-4668-BE54-9A1E7A4F7556}") = "VgEAPClient.Recipe.Everything64", "Plugin\VgEAPClient.Recipe.Everything64\VgEAPClient.Recipe.Everything64.csproj", "{5B94294A-6384-4B08-BFC1-75C5F671E381}"
EndProject
Project("{9A19103F-16F7-4668-BE54-9A1E7A4F7556}") = "VgEAPClient.Recipe.Bomin", "Plugin\VgEAPClient.Recipe.Bomin\VgEAPClient.Recipe.Bomin.csproj", "{644C6234-AA0B-4129-B05C-F52AB0AD6D57}"
EndProject
Project("{9A19103F-16F7-4668-BE54-9A1E7A4F7556}") = "XingSenEAPClient", "Projects\XingSen\XingSenEAPClient\XingSenEAPClient.csproj", "{F6163977-E717-3988-46FB-E27A05A614AF}"
EndProject
Project("{9A19103F-16F7-4668-BE54-9A1E7A4F7556}") = "BoMinEAP", "Projects\BoMinEAP\BoMinEAP.csproj", "{D7D048BA-F311-424B-BF61-AD902B932782}"
EndProject
Project("{9A19103F-16F7-4668-BE54-9A1E7A4F7556}") = "KinWongEAP", "Projects\KinWongEAP\KinWongEAP\KinWongEAP.csproj", "{F4B4AA09-20FE-4476-8290-775A22A5E164}"
EndProject
Project("{9A19103F-16F7-4668-BE54-9A1E7A4F7556}") = "VegaUI", "VegaUI\VegaUI.csproj", "{7267CAE9-5D82-4677-994E-EA78B4B81623}"
EndProject
Project("{9A19103F-16F7-4668-BE54-9A1E7A4F7556}") = "AoShiKangEAPClient", "Projects\AoShiKang\AoShiKangEAPClient\AoShiKangEAPClient.csproj", "{026A23F9-BEEC-7B9A-BDB8-9F5D60811DE3}"
EndProject
Project("{9A19103F-16F7-4668-BE54-9A1E7A4F7556}") = "JieSaiEAPClient", "Projects\JieSai\VegaEQPHttp\JieSaiEAPClient.csproj", "{8EB86D1A-1AC7-F897-2B01-6AE1C4ACB0C5}"
EndProject
Project("{9A19103F-16F7-4668-BE54-9A1E7A4F7556}") = "ZhongFuEAPClient", "Projects\ZhongFu\ZhongFuEAPClient\ZhongFuEAPClient.csproj", "{4FA02401-1080-7C78-D6F2-670902707DD9}"
EndProject
Project("{9A19103F-16F7-4668-BE54-9A1E7A4F7556}") = "ZhongDian14EAPClient", "Projects\ZhongDian_14\ZhongDian14EAPClient\ZhongDian14EAPClient.csproj", "{A1DE8C9C-9B87-DBB4-86D7-6BA2786848C0}"
EndProject
Project("{9A19103F-16F7-4668-BE54-9A1E7A4F7556}") = "VgEAPClient.Recipe.JingPeng", "Plugin\VgEAPClient.Recipe.JingPeng\VgEAPClient.Recipe.JingPeng.csproj", "{8A95F882-2A66-4529-CE63-3DE70A0A45FB}"
EndProject
Project("{9A19103F-16F7-4668-BE54-9A1E7A4F7556}") = "DingTaiAtp", "Projects\DingTaiAtp\DingTaiAtp\DingTaiAtp.csproj", "{46ACBCD9-DC68-4C0C-AB76-F8B75576E094}"
EndProject
Project("{9A19103F-16F7-4668-BE54-9A1E7A4F7556}") = "ApexEAPClient", "Projects\Apex\ApexEAPClient\ApexEAPClient.csproj", "{1E5DAB58-011C-71CB-555C-A315F7504EE9}"
EndProject
Project("{9A19103F-16F7-4668-BE54-9A1E7A4F7556}") = "YiDunEAPClient", "Projects\YiDun\YiDunEAPClient\YiDunEAPClient.csproj", "{7DE9FB99-1395-496D-C4B7-617D8F171306}"
EndProject
Project("{9A19103F-16F7-4668-BE54-9A1E7A4F7556}") = "VgEAPClient.Recipe.JiangZhouChongDa", "Plugin\VgEAPClient.Recipe.JiangZhouChongDa\VgEAPClient.Recipe.JiangZhouChongDa.csproj", "{AE32BE1A-AEFF-868F-CD9F-3B0C7EB561DC}"
EndProject
Project("{9A19103F-16F7-4668-BE54-9A1E7A4F7556}") = "QunCeEAPClient", "Projects\QunCe\QunCeEAPClient\QunCeEAPClient.csproj", "{D0B543DD-6122-9484-2612-2691CCD915F3}"
EndProject
Project("{9A19103F-16F7-4668-BE54-9A1E7A4F7556}") = "JinShiYuEAPClient", "Projects\JinShiYu\JinShiYuEAPClient\JinShiYuEAPClient.csproj", "{673869DA-900C-86BE-C439-469BEC4D8544}"
EndProject
Project("{9A19103F-16F7-4668-BE54-9A1E7A4F7556}") = "TaiXingEAPClient", "Projects\TaiXing\TaiXingEAPClient\TaiXingEAPClient.csproj", "{888BFF11-6FE4-836D-943C-DEDF45B65BA2}"
EndProject
Project("{9A19103F-16F7-4668-BE54-9A1E7A4F7556}") = "GzXsBdtEAPClient", "Projects\GuangZhouXingSenBanDaoTi\GzXsBdtEAPClient\GzXsBdtEAPClient.csproj", "{0F66FD22-506F-4C99-7BBA-B58F6EBC56AD}"
EndProject
Global
	GlobalSection(SolutionConfigurationPlatforms) = preSolution
		Debug|Any CPU = Debug|Any CPU
		Release|Any CPU = Release|Any CPU
	EndGlobalSection
	GlobalSection(ProjectConfigurationPlatforms) = postSolution
		{FE2F4187-46C9-775D-ED2A-16539AB3786D}.Debug|Any CPU.ActiveCfg = Debug|Any CPU
		{FE2F4187-46C9-775D-ED2A-16539AB3786D}.Debug|Any CPU.Build.0 = Debug|Any CPU
		{FE2F4187-46C9-775D-ED2A-16539AB3786D}.Release|Any CPU.ActiveCfg = Release|Any CPU
		{FE2F4187-46C9-775D-ED2A-16539AB3786D}.Release|Any CPU.Build.0 = Release|Any CPU
		{CC89065A-EB24-F114-87BF-CFF89D1F3E46}.Debug|Any CPU.ActiveCfg = Debug|Any CPU
		{CC89065A-EB24-F114-87BF-CFF89D1F3E46}.Debug|Any CPU.Build.0 = Debug|Any CPU
		{CC89065A-EB24-F114-87BF-CFF89D1F3E46}.Release|Any CPU.ActiveCfg = Release|Any CPU
		{CC89065A-EB24-F114-87BF-CFF89D1F3E46}.Release|Any CPU.Build.0 = Release|Any CPU
		{3117368A-9384-3E6E-A957-4D2E03C01799}.Debug|Any CPU.ActiveCfg = Debug|Any CPU
		{3117368A-9384-3E6E-A957-4D2E03C01799}.Debug|Any CPU.Build.0 = Debug|Any CPU
		{3117368A-9384-3E6E-A957-4D2E03C01799}.Release|Any CPU.ActiveCfg = Release|Any CPU
		{3117368A-9384-3E6E-A957-4D2E03C01799}.Release|Any CPU.Build.0 = Release|Any CPU
		{8E4054B2-DFC4-5D3D-2875-C47F381BF4C9}.Debug|Any CPU.ActiveCfg = Debug|Any CPU
		{8E4054B2-DFC4-5D3D-2875-C47F381BF4C9}.Debug|Any CPU.Build.0 = Debug|Any CPU
		{8E4054B2-DFC4-5D3D-2875-C47F381BF4C9}.Release|Any CPU.ActiveCfg = Release|Any CPU
		{8E4054B2-DFC4-5D3D-2875-C47F381BF4C9}.Release|Any CPU.Build.0 = Release|Any CPU
		{1CE0CA5C-8634-E9E8-990D-8E7C68439AF0}.Debug|Any CPU.ActiveCfg = Debug|Any CPU
		{1CE0CA5C-8634-E9E8-990D-8E7C68439AF0}.Debug|Any CPU.Build.0 = Debug|Any CPU
		{1CE0CA5C-8634-E9E8-990D-8E7C68439AF0}.Release|Any CPU.ActiveCfg = Release|Any CPU
		{1CE0CA5C-8634-E9E8-990D-8E7C68439AF0}.Release|Any CPU.Build.0 = Release|Any CPU
		{2F2793AD-BE8E-EFAF-DB2E-14B39E13B3AD}.Debug|Any CPU.ActiveCfg = Debug|Any CPU
		{2F2793AD-BE8E-EFAF-DB2E-14B39E13B3AD}.Debug|Any CPU.Build.0 = Debug|Any CPU
		{2F2793AD-BE8E-EFAF-DB2E-14B39E13B3AD}.Release|Any CPU.ActiveCfg = Release|Any CPU
		{2F2793AD-BE8E-EFAF-DB2E-14B39E13B3AD}.Release|Any CPU.Build.0 = Release|Any CPU
		{F9CBCE13-CE5B-D110-9274-C491795F99FF}.Debug|Any CPU.ActiveCfg = Debug|Any CPU
		{F9CBCE13-CE5B-D110-9274-C491795F99FF}.Debug|Any CPU.Build.0 = Debug|Any CPU
		{F9CBCE13-CE5B-D110-9274-C491795F99FF}.Release|Any CPU.ActiveCfg = Release|Any CPU
		{F9CBCE13-CE5B-D110-9274-C491795F99FF}.Release|Any CPU.Build.0 = Release|Any CPU
		{FF0F7FBF-D488-1030-AD09-D955927E130B}.Debug|Any CPU.ActiveCfg = Debug|Any CPU
		{FF0F7FBF-D488-1030-AD09-D955927E130B}.Debug|Any CPU.Build.0 = Debug|Any CPU
		{FF0F7FBF-D488-1030-AD09-D955927E130B}.Release|Any CPU.ActiveCfg = Release|Any CPU
		{FF0F7FBF-D488-1030-AD09-D955927E130B}.Release|Any CPU.Build.0 = Release|Any CPU
		{7048BD36-F94F-4908-A69C-7F7E9225D387}.Debug|Any CPU.ActiveCfg = Debug|Any CPU
		{7048BD36-F94F-4908-A69C-7F7E9225D387}.Debug|Any CPU.Build.0 = Debug|Any CPU
		{7048BD36-F94F-4908-A69C-7F7E9225D387}.Release|Any CPU.ActiveCfg = Release|Any CPU
		{7048BD36-F94F-4908-A69C-7F7E9225D387}.Release|Any CPU.Build.0 = Release|Any CPU
		{DDDB5DF2-D697-458C-B0F9-C3E5CE77A424}.Debug|Any CPU.ActiveCfg = Debug|Any CPU
		{DDDB5DF2-D697-458C-B0F9-C3E5CE77A424}.Debug|Any CPU.Build.0 = Debug|Any CPU
		{DDDB5DF2-D697-458C-B0F9-C3E5CE77A424}.Release|Any CPU.ActiveCfg = Release|Any CPU
		{DDDB5DF2-D697-458C-B0F9-C3E5CE77A424}.Release|Any CPU.Build.0 = Release|Any CPU
		{7B62EA1F-3FCC-434A-8149-3DBFFD0D9ACD}.Debug|Any CPU.ActiveCfg = Debug|Any CPU
		{7B62EA1F-3FCC-434A-8149-3DBFFD0D9ACD}.Debug|Any CPU.Build.0 = Debug|Any CPU
		{7B62EA1F-3FCC-434A-8149-3DBFFD0D9ACD}.Release|Any CPU.ActiveCfg = Release|Any CPU
		{7B62EA1F-3FCC-434A-8149-3DBFFD0D9ACD}.Release|Any CPU.Build.0 = Release|Any CPU
		{6F46BAC3-5CF1-406F-96B6-4AE6955AFA7C}.Debug|Any CPU.ActiveCfg = Debug|Any CPU
		{6F46BAC3-5CF1-406F-96B6-4AE6955AFA7C}.Debug|Any CPU.Build.0 = Debug|Any CPU
		{6F46BAC3-5CF1-406F-96B6-4AE6955AFA7C}.Release|Any CPU.ActiveCfg = Release|Any CPU
		{6F46BAC3-5CF1-406F-96B6-4AE6955AFA7C}.Release|Any CPU.Build.0 = Release|Any CPU
		{5B94294A-6384-4B08-BFC1-75C5F671E381}.Debug|Any CPU.ActiveCfg = Debug|Any CPU
		{5B94294A-6384-4B08-BFC1-75C5F671E381}.Debug|Any CPU.Build.0 = Debug|Any CPU
		{5B94294A-6384-4B08-BFC1-75C5F671E381}.Release|Any CPU.ActiveCfg = Release|Any CPU
		{5B94294A-6384-4B08-BFC1-75C5F671E381}.Release|Any CPU.Build.0 = Release|Any CPU
		{644C6234-AA0B-4129-B05C-F52AB0AD6D57}.Debug|Any CPU.ActiveCfg = Debug|Any CPU
		{644C6234-AA0B-4129-B05C-F52AB0AD6D57}.Debug|Any CPU.Build.0 = Debug|Any CPU
		{644C6234-AA0B-4129-B05C-F52AB0AD6D57}.Release|Any CPU.ActiveCfg = Release|Any CPU
		{644C6234-AA0B-4129-B05C-F52AB0AD6D57}.Release|Any CPU.Build.0 = Release|Any CPU
		{F6163977-E717-3988-46FB-E27A05A614AF}.Debug|Any CPU.ActiveCfg = Debug|Any CPU
		{F6163977-E717-3988-46FB-E27A05A614AF}.Debug|Any CPU.Build.0 = Debug|Any CPU
		{F6163977-E717-3988-46FB-E27A05A614AF}.Release|Any CPU.ActiveCfg = Release|Any CPU
		{F6163977-E717-3988-46FB-E27A05A614AF}.Release|Any CPU.Build.0 = Release|Any CPU
		{D7D048BA-F311-424B-BF61-AD902B932782}.Debug|Any CPU.ActiveCfg = Debug|Any CPU
		{D7D048BA-F311-424B-BF61-AD902B932782}.Debug|Any CPU.Build.0 = Debug|Any CPU
		{D7D048BA-F311-424B-BF61-AD902B932782}.Release|Any CPU.ActiveCfg = Release|Any CPU
		{D7D048BA-F311-424B-BF61-AD902B932782}.Release|Any CPU.Build.0 = Release|Any CPU
		{F4B4AA09-20FE-4476-8290-775A22A5E164}.Debug|Any CPU.ActiveCfg = Debug|Any CPU
		{F4B4AA09-20FE-4476-8290-775A22A5E164}.Debug|Any CPU.Build.0 = Debug|Any CPU
		{F4B4AA09-20FE-4476-8290-775A22A5E164}.Release|Any CPU.ActiveCfg = Release|Any CPU
		{F4B4AA09-20FE-4476-8290-775A22A5E164}.Release|Any CPU.Build.0 = Release|Any CPU
		{7267CAE9-5D82-4677-994E-EA78B4B81623}.Debug|Any CPU.ActiveCfg = Debug|Any CPU
		{7267CAE9-5D82-4677-994E-EA78B4B81623}.Debug|Any CPU.Build.0 = Debug|Any CPU
		{7267CAE9-5D82-4677-994E-EA78B4B81623}.Release|Any CPU.ActiveCfg = Release|Any CPU
		{7267CAE9-5D82-4677-994E-EA78B4B81623}.Release|Any CPU.Build.0 = Release|Any CPU
		{026A23F9-BEEC-7B9A-BDB8-9F5D60811DE3}.Debug|Any CPU.ActiveCfg = Debug|Any CPU
		{026A23F9-BEEC-7B9A-BDB8-9F5D60811DE3}.Debug|Any CPU.Build.0 = Debug|Any CPU
		{026A23F9-BEEC-7B9A-BDB8-9F5D60811DE3}.Release|Any CPU.ActiveCfg = Release|Any CPU
		{026A23F9-BEEC-7B9A-BDB8-9F5D60811DE3}.Release|Any CPU.Build.0 = Release|Any CPU
		{8EB86D1A-1AC7-F897-2B01-6AE1C4ACB0C5}.Debug|Any CPU.ActiveCfg = Debug|Any CPU
		{8EB86D1A-1AC7-F897-2B01-6AE1C4ACB0C5}.Debug|Any CPU.Build.0 = Debug|Any CPU
		{8EB86D1A-1AC7-F897-2B01-6AE1C4ACB0C5}.Release|Any CPU.ActiveCfg = Release|Any CPU
		{8EB86D1A-1AC7-F897-2B01-6AE1C4ACB0C5}.Release|Any CPU.Build.0 = Release|Any CPU
		{4FA02401-1080-7C78-D6F2-670902707DD9}.Debug|Any CPU.ActiveCfg = Debug|Any CPU
		{4FA02401-1080-7C78-D6F2-670902707DD9}.Debug|Any CPU.Build.0 = Debug|Any CPU
		{4FA02401-1080-7C78-D6F2-670902707DD9}.Release|Any CPU.ActiveCfg = Release|Any CPU
		{4FA02401-1080-7C78-D6F2-670902707DD9}.Release|Any CPU.Build.0 = Release|Any CPU
		{A1DE8C9C-9B87-DBB4-86D7-6BA2786848C0}.Debug|Any CPU.ActiveCfg = Debug|Any CPU
		{A1DE8C9C-9B87-DBB4-86D7-6BA2786848C0}.Debug|Any CPU.Build.0 = Debug|Any CPU
		{A1DE8C9C-9B87-DBB4-86D7-6BA2786848C0}.Release|Any CPU.ActiveCfg = Release|Any CPU
		{A1DE8C9C-9B87-DBB4-86D7-6BA2786848C0}.Release|Any CPU.Build.0 = Release|Any CPU
		{8A95F882-2A66-4529-CE63-3DE70A0A45FB}.Debug|Any CPU.ActiveCfg = Debug|Any CPU
		{8A95F882-2A66-4529-CE63-3DE70A0A45FB}.Debug|Any CPU.Build.0 = Debug|Any CPU
		{8A95F882-2A66-4529-CE63-3DE70A0A45FB}.Release|Any CPU.ActiveCfg = Release|Any CPU
		{8A95F882-2A66-4529-CE63-3DE70A0A45FB}.Release|Any CPU.Build.0 = Release|Any CPU
		{46ACBCD9-DC68-4C0C-AB76-F8B75576E094}.Debug|Any CPU.ActiveCfg = Debug|Any CPU
		{46ACBCD9-DC68-4C0C-AB76-F8B75576E094}.Debug|Any CPU.Build.0 = Debug|Any CPU
		{46ACBCD9-DC68-4C0C-AB76-F8B75576E094}.Release|Any CPU.ActiveCfg = Release|Any CPU
		{46ACBCD9-DC68-4C0C-AB76-F8B75576E094}.Release|Any CPU.Build.0 = Release|Any CPU
		{1E5DAB58-011C-71CB-555C-A315F7504EE9}.Debug|Any CPU.ActiveCfg = Debug|Any CPU
		{1E5DAB58-011C-71CB-555C-A315F7504EE9}.Debug|Any CPU.Build.0 = Debug|Any CPU
		{1E5DAB58-011C-71CB-555C-A315F7504EE9}.Release|Any CPU.ActiveCfg = Release|Any CPU
		{1E5DAB58-011C-71CB-555C-A315F7504EE9}.Release|Any CPU.Build.0 = Release|Any CPU
		{7DE9FB99-1395-496D-C4B7-617D8F171306}.Debug|Any CPU.ActiveCfg = Debug|Any CPU
		{7DE9FB99-1395-496D-C4B7-617D8F171306}.Debug|Any CPU.Build.0 = Debug|Any CPU
		{7DE9FB99-1395-496D-C4B7-617D8F171306}.Release|Any CPU.ActiveCfg = Release|Any CPU
		{7DE9FB99-1395-496D-C4B7-617D8F171306}.Release|Any CPU.Build.0 = Release|Any CPU
		{AE32BE1A-AEFF-868F-CD9F-3B0C7EB561DC}.Debug|Any CPU.ActiveCfg = Debug|Any CPU
		{AE32BE1A-AEFF-868F-CD9F-3B0C7EB561DC}.Debug|Any CPU.Build.0 = Debug|Any CPU
		{AE32BE1A-AEFF-868F-CD9F-3B0C7EB561DC}.Release|Any CPU.ActiveCfg = Release|Any CPU
		{AE32BE1A-AEFF-868F-CD9F-3B0C7EB561DC}.Release|Any CPU.Build.0 = Release|Any CPU
		{D0B543DD-6122-9484-2612-2691CCD915F3}.Debug|Any CPU.ActiveCfg = Debug|Any CPU
		{D0B543DD-6122-9484-2612-2691CCD915F3}.Debug|Any CPU.Build.0 = Debug|Any CPU
		{D0B543DD-6122-9484-2612-2691CCD915F3}.Release|Any CPU.ActiveCfg = Release|Any CPU
		{D0B543DD-6122-9484-2612-2691CCD915F3}.Release|Any CPU.Build.0 = Release|Any CPU
		{673869DA-900C-86BE-C439-469BEC4D8544}.Debug|Any CPU.ActiveCfg = Debug|Any CPU
		{673869DA-900C-86BE-C439-469BEC4D8544}.Debug|Any CPU.Build.0 = Debug|Any CPU
		{673869DA-900C-86BE-C439-469BEC4D8544}.Release|Any CPU.ActiveCfg = Release|Any CPU
		{673869DA-900C-86BE-C439-469BEC4D8544}.Release|Any CPU.Build.0 = Release|Any CPU
		{888BFF11-6FE4-836D-943C-DEDF45B65BA2}.Debug|Any CPU.ActiveCfg = Debug|Any CPU
		{888BFF11-6FE4-836D-943C-DEDF45B65BA2}.Debug|Any CPU.Build.0 = Debug|Any CPU
		{888BFF11-6FE4-836D-943C-DEDF45B65BA2}.Release|Any CPU.ActiveCfg = Release|Any CPU
		{888BFF11-6FE4-836D-943C-DEDF45B65BA2}.Release|Any CPU.Build.0 = Release|Any CPU
		{0F66FD22-506F-4C99-7BBA-B58F6EBC56AD}.Debug|Any CPU.ActiveCfg = Debug|Any CPU
		{0F66FD22-506F-4C99-7BBA-B58F6EBC56AD}.Debug|Any CPU.Build.0 = Debug|Any CPU
		{0F66FD22-506F-4C99-7BBA-B58F6EBC56AD}.Release|Any CPU.ActiveCfg = Release|Any CPU
		{0F66FD22-506F-4C99-7BBA-B58F6EBC56AD}.Release|Any CPU.Build.0 = Release|Any CPU
	EndGlobalSection
	GlobalSection(SolutionProperties) = preSolution
		HideSolutionNode = FALSE
	EndGlobalSection
	GlobalSection(NestedProjects) = preSolution
		{FE2F4187-46C9-775D-ED2A-16539AB3786D} = {02EA681E-C7D8-13C7-8484-4AC65E1B71E8}
		{CC89065A-EB24-F114-87BF-CFF89D1F3E46} = {02EA681E-C7D8-13C7-8484-4AC65E1B71E8}
		{3117368A-9384-3E6E-A957-4D2E03C01799} = {F66C51B7-A3DE-468B-A0C6-9AB1D211EEFA}
		{8E4054B2-DFC4-5D3D-2875-C47F381BF4C9} = {F66C51B7-A3DE-468B-A0C6-9AB1D211EEFA}
		{1CE0CA5C-8634-E9E8-990D-8E7C68439AF0} = {F66C51B7-A3DE-468B-A0C6-9AB1D211EEFA}
		{2F2793AD-BE8E-EFAF-DB2E-14B39E13B3AD} = {F66C51B7-A3DE-468B-A0C6-9AB1D211EEFA}
		{F9CBCE13-CE5B-D110-9274-C491795F99FF} = {F66C51B7-A3DE-468B-A0C6-9AB1D211EEFA}
		{FF0F7FBF-D488-1030-AD09-D955927E130B} = {5FFDCEF6-7EE5-4D2F-AFAD-B8862D9C604E}
		{7048BD36-F94F-4908-A69C-7F7E9225D387} = {5FFDCEF6-7EE5-4D2F-AFAD-B8862D9C604E}
		{DDDB5DF2-D697-458C-B0F9-C3E5CE77A424} = {02EA681E-C7D8-13C7-8484-4AC65E1B71E8}
		{7B62EA1F-3FCC-434A-8149-3DBFFD0D9ACD} = {63946058-46F5-40BF-99AD-A515705E7AC6}
		{6F46BAC3-5CF1-406F-96B6-4AE6955AFA7C} = {C5A1596E-7FB3-4315-88C8-B30EEF5B0A30}
		{63946058-46F5-40BF-99AD-A515705E7AC6} = {5FFDCEF6-7EE5-4D2F-AFAD-B8862D9C604E}
		{5B94294A-6384-4B08-BFC1-75C5F671E381} = {63946058-46F5-40BF-99AD-A515705E7AC6}
		{644C6234-AA0B-4129-B05C-F52AB0AD6D57} = {63946058-46F5-40BF-99AD-A515705E7AC6}
		{F6163977-E717-3988-46FB-E27A05A614AF} = {C5A1596E-7FB3-4315-88C8-B30EEF5B0A30}
		{D7D048BA-F311-424B-BF61-AD902B932782} = {C5A1596E-7FB3-4315-88C8-B30EEF5B0A30}
		{F4B4AA09-20FE-4476-8290-775A22A5E164} = {C5A1596E-7FB3-4315-88C8-B30EEF5B0A30}
		{7267CAE9-5D82-4677-994E-EA78B4B81623} = {F66C51B7-A3DE-468B-A0C6-9AB1D211EEFA}
		{026A23F9-BEEC-7B9A-BDB8-9F5D60811DE3} = {C5A1596E-7FB3-4315-88C8-B30EEF5B0A30}
		{8EB86D1A-1AC7-F897-2B01-6AE1C4ACB0C5} = {C5A1596E-7FB3-4315-88C8-B30EEF5B0A30}
		{4FA02401-1080-7C78-D6F2-670902707DD9} = {C5A1596E-7FB3-4315-88C8-B30EEF5B0A30}
		{A1DE8C9C-9B87-DBB4-86D7-6BA2786848C0} = {C5A1596E-7FB3-4315-88C8-B30EEF5B0A30}
		{8A95F882-2A66-4529-CE63-3DE70A0A45FB} = {63946058-46F5-40BF-99AD-A515705E7AC6}
		{46ACBCD9-DC68-4C0C-AB76-F8B75576E094} = {C5A1596E-7FB3-4315-88C8-B30EEF5B0A30}
		{1E5DAB58-011C-71CB-555C-A315F7504EE9} = {C5A1596E-7FB3-4315-88C8-B30EEF5B0A30}
		{7DE9FB99-1395-496D-C4B7-617D8F171306} = {C5A1596E-7FB3-4315-88C8-B30EEF5B0A30}
		{AE32BE1A-AEFF-868F-CD9F-3B0C7EB561DC} = {63946058-46F5-40BF-99AD-A515705E7AC6}
		{D0B543DD-6122-9484-2612-2691CCD915F3} = {C5A1596E-7FB3-4315-88C8-B30EEF5B0A30}
		{673869DA-900C-86BE-C439-469BEC4D8544} = {C5A1596E-7FB3-4315-88C8-B30EEF5B0A30}
		{888BFF11-6FE4-836D-943C-DEDF45B65BA2} = {C5A1596E-7FB3-4315-88C8-B30EEF5B0A30}
		{0F66FD22-506F-4C99-7BBA-B58F6EBC56AD} = {C5A1596E-7FB3-4315-88C8-B30EEF5B0A30}
	EndGlobalSection
	GlobalSection(ExtensibilityGlobals) = postSolution
		SolutionGuid = {3BC20A0C-9933-4D96-AD5C-0D5C47A2C3A4}
	EndGlobalSection
EndGlobal
