
Microsoft Visual Studio Solution File, Format Version 12.00
# Visual Studio Version 17
VisualStudioVersion = 17.5.002.0
MinimumVisualStudioVersion = 10.0.40219.1
Project("{9A19103F-16F7-4668-BE54-9A1E7A4F7556}") = "VgDeviceGateway.Devices.Agv", "VgDeviceGateway.Devices.Agv.csproj", "{49436E28-26A6-4EF8-8E3A-1ECA3090F2D8}"
EndProject
Global
	GlobalSection(SolutionConfigurationPlatforms) = preSolution
		Debug|Any CPU = Debug|Any CPU
		Release|Any CPU = Release|Any CPU
	EndGlobalSection
	GlobalSection(ProjectConfigurationPlatforms) = postSolution
		{49436E28-26A6-4EF8-8E3A-1ECA3090F2D8}.Debug|Any CPU.ActiveCfg = Debug|Any CPU
		{49436E28-26A6-4EF8-8E3A-1ECA3090F2D8}.Debug|Any CPU.Build.0 = Debug|Any CPU
		{49436E28-26A6-4EF8-8E3A-1ECA3090F2D8}.Release|Any CPU.ActiveCfg = Release|Any CPU
		{49436E28-26A6-4EF8-8E3A-1ECA3090F2D8}.Release|Any CPU.Build.0 = Release|Any CPU
	EndGlobalSection
	GlobalSection(SolutionProperties) = preSolution
		HideSolutionNode = FALSE
	EndGlobalSection
	GlobalSection(ExtensibilityGlobals) = postSolution
		SolutionGuid = {8058AF5E-74DD-4A33-9071-A7713D8BCE36}
	EndGlobalSection
EndGlobal
